
Microsoft Visual Studio Solution File, Format Version 12.00
# Visual Studio Version 17
VisualStudioVersion = 17.2.32616.157
MinimumVisualStudioVersion = 10.0.40219.1
Project("{FAE04EC0-301F-11D3-BF4B-00C04F79EFBC}") = "NoteBoard", "NoteBoard\NoteBoard.csproj", "{912334FC-57FF-4059-A8F9-765C741CC15D}"
EndProject
Global
	GlobalSection(SolutionConfigurationPlatforms) = preSolution
		Debug|Any CPU = Debug|Any CPU
		Release|Any CPU = Release|Any CPU
	EndGlobalSection
	GlobalSection(ProjectConfigurationPlatforms) = postSolution
		{912334FC-57FF-4059-A8F9-765C741CC15D}.Debug|Any CPU.ActiveCfg = Debug|Any CPU
		{912334FC-57FF-4059-A8F9-765C741CC15D}.Debug|Any CPU.Build.0 = Debug|Any CPU
		{912334FC-57FF-4059-A8F9-765C741CC15D}.Release|Any CPU.ActiveCfg = Release|Any CPU
		{912334FC-57FF-4059-A8F9-765C741CC15D}.Release|Any CPU.Build.0 = Release|Any CPU
	EndGlobalSection
	GlobalSection(SolutionProperties) = preSolution
		HideSolutionNode = FALSE
	EndGlobalSection
	GlobalSection(ExtensibilityGlobals) = postSolution
		SolutionGuid = {05C1AFD8-DA18-4524-8318-57E71D13F6F9}
	EndGlobalSection
EndGlobal
